<?xml version="1.0" encoding="utf-8"?>
<Project ToolsVersion="4.0" xmlns="http://schemas.microsoft.com/developer/msbuild/2003">
  <ItemGroup>
    <Filter Include="Source Files">
      <UniqueIdentifier>{4FC737F1-C7A5-4376-A066-2A32D752A2FF}</UniqueIdentifier>
      <Extensions>cpp;c;cc;cxx;def;odl;idl;hpj;bat;asm;asmx</Extensions>
    </Filter>
    <Filter Include="Header Files">
      <UniqueIdentifier>{93995380-89BD-4b04-88EB-625FBE52EBFB}</UniqueIdentifier>
      <Extensions>h;hh;hpp;hxx;hm;inl;inc;ipp;xsd</Extensions>
    </Filter>
    <Filter Include="Shaders">
      <UniqueIdentifier>{737e9390-23cc-4020-8049-cf3f4e2f61b3}</UniqueIdentifier>
    </Filter>
    <Filter Include="Source Files\util">
      <UniqueIdentifier>{85c53ce6-6a8b-49b3-bc5b-b73512fb039e}</UniqueIdentifier>
    </Filter>
    <Filter Include="Source Files\external">
      <UniqueIdentifier>{d6e64568-2758-467b-b2e3-fc9651b9e858}</UniqueIdentifier>
    </Filter>
    <Filter Include="Source Files\entity">
      <UniqueIdentifier>{3835758a-1016-4e27-a5b5-9ada6ff9618e}</UniqueIdentifier>
    </Filter>
    <Filter Include="Source Files\render">
      <UniqueIdentifier>{b3189627-4493-402d-80be-23c3a133f998}</UniqueIdentifier>
    </Filter>
    <Filter Include="Source Files\render\light">
      <UniqueIdentifier>{eb2e7da4-64e7-40ed-b332-f98a00351737}</UniqueIdentifier>
    </Filter>
    <Filter Include="Source Files\render\shadow">
      <UniqueIdentifier>{203e3375-f361-477d-b706-7921d9e215d1}</UniqueIdentifier>
    </Filter>
    <Filter Include="Source Files\gameplay">
      <UniqueIdentifier>{c0797f39-0211-4312-a438-3beab375cc8f}</UniqueIdentifier>
    </Filter>
    <Filter Include="Source Files\scene">
      <UniqueIdentifier>{1507aa65-7af8-46f9-ba2a-005bb856205d}</UniqueIdentifier>
    </Filter>
    <Filter Include="Source Files\util\container">
      <UniqueIdentifier>{5f5f71c0-7897-4a38-ac53-de17c0e23d06}</UniqueIdentifier>
    </Filter>
    <Filter Include="Source Files\util\container\debug">
      <UniqueIdentifier>{5e861ea0-c522-4534-9c7b-b1d0c8948a7a}</UniqueIdentifier>
    </Filter>
    <Filter Include="Source Files\gameplay\cube">
      <UniqueIdentifier>{f408d482-a214-4700-8bcd-1954d854a6c6}</UniqueIdentifier>
    </Filter>
    <Filter Include="Source Files\util\table">
      <UniqueIdentifier>{38badd99-11e7-4535-b025-7c12229b7927}</UniqueIdentifier>
    </Filter>
  </ItemGroup>
  <ItemGroup>
    <ClCompile Include="main.cpp">
      <Filter>Source Files</Filter>
    </ClCompile>
    <ClCompile Include="glad.c">
      <Filter>Source Files\external</Filter>
    </ClCompile>
    <ClCompile Include="transform.cpp">
      <Filter>Source Files\entity</Filter>
    </ClCompile>
    <ClCompile Include="mesh_render.cpp">
      <Filter>Source Files\render</Filter>
    </ClCompile>
    <ClCompile Include="point_light.cpp">
      <Filter>Source Files\render\light</Filter>
    </ClCompile>
    <ClCompile Include="imgui_impl_opengl3.cpp">
      <Filter>Source Files\external</Filter>
    </ClCompile>
    <ClCompile Include="imgui_impl_glfw.cpp">
      <Filter>Source Files\external</Filter>
    </ClCompile>
    <ClCompile Include="imgui.cpp">
      <Filter>Source Files\external</Filter>
    </ClCompile>
    <ClCompile Include="imgui_demo.cpp">
      <Filter>Source Files\external</Filter>
    </ClCompile>
    <ClCompile Include="imgui_draw.cpp">
      <Filter>Source Files\external</Filter>
    </ClCompile>
    <ClCompile Include="imgui_widgets.cpp">
      <Filter>Source Files\external</Filter>
    </ClCompile>
    <ClCompile Include="directional_light.cpp">
      <Filter>Source Files\render\light</Filter>
    </ClCompile>
    <ClCompile Include="shadow.cpp">
      <Filter>Source Files\render\shadow</Filter>
    </ClCompile>
    <ClCompile Include="render\render_pipeline.cpp">
      <Filter>Source Files\render</Filter>
    </ClCompile>
    <ClCompile Include="render\shader.cpp">
      <Filter>Source Files\render</Filter>
    </ClCompile>
    <ClCompile Include="gameplay\rotation.cpp">
      <Filter>Source Files\gameplay</Filter>
    </ClCompile>
    <ClCompile Include="scene\scene.cpp">
      <Filter>Source Files\scene</Filter>
    </ClCompile>
    <ClCompile Include="texture.cpp">
      <Filter>Source Files\util</Filter>
    </ClCompile>
    <ClCompile Include="util\table.cpp">
      <Filter>Source Files\util\container</Filter>
    </ClCompile>
    <ClCompile Include="util\bit_array.cpp">
      <Filter>Source Files\util\container</Filter>
    </ClCompile>
    <ClCompile Include="util\debug\table_display.cpp">
      <Filter>Source Files\util\container\debug</Filter>
    </ClCompile>
    <ClCompile Include="gameplay\input.cpp">
      <Filter>Source Files\gameplay</Filter>
    </ClCompile>
    <ClCompile Include="gameplay\movement\cube_movement.cpp">
      <Filter>Source Files\gameplay\cube</Filter>
    </ClCompile>
  </ItemGroup>
  <ItemGroup>
    <ClInclude Include="material.h">
      <Filter>Source Files\util</Filter>
    </ClInclude>
    <ClInclude Include="shader_m.h">
      <Filter>Source Files\util</Filter>
    </ClInclude>
    <ClInclude Include="stb_image.h">
      <Filter>Source Files\util</Filter>
    </ClInclude>
    <ClInclude Include="texture.h">
      <Filter>Source Files\util</Filter>
    </ClInclude>
    <ClInclude Include="camera.h">
      <Filter>Source Files\util</Filter>
    </ClInclude>
    <ClInclude Include="transform.h">
      <Filter>Source Files\entity</Filter>
    </ClInclude>
    <ClInclude Include="mesh_render.h">
      <Filter>Source Files\render</Filter>
    </ClInclude>
    <ClInclude Include="point_light.h">
      <Filter>Source Files\render\light</Filter>
    </ClInclude>
    <ClInclude Include="imgui_impl_opengl3.h">
      <Filter>Source Files\external</Filter>
    </ClInclude>
    <ClInclude Include="imgui_impl_glfw.h">
      <Filter>Source Files\external</Filter>
    </ClInclude>
    <ClInclude Include="imstb_rectpack.h">
      <Filter>Source Files\external</Filter>
    </ClInclude>
    <ClInclude Include="imstb_textedit.h">
      <Filter>Source Files\external</Filter>
    </ClInclude>
    <ClInclude Include="imstb_truetype.h">
      <Filter>Source Files\external</Filter>
    </ClInclude>
    <ClInclude Include="imgui.h">
      <Filter>Source Files\external</Filter>
    </ClInclude>
    <ClInclude Include="imgui_internal.h">
      <Filter>Source Files\external</Filter>
    </ClInclude>
    <ClInclude Include="directional_light.h">
      <Filter>Source Files\render\light</Filter>
    </ClInclude>
    <ClInclude Include="shadow.h">
      <Filter>Source Files\render\shadow</Filter>
    </ClInclude>
    <ClInclude Include="imconfig.h">
      <Filter>Source Files\external</Filter>
    </ClInclude>
    <ClInclude Include="render\render_pipeline.h">
      <Filter>Source Files\render</Filter>
    </ClInclude>
    <ClInclude Include="render\shader.h">
      <Filter>Source Files\render</Filter>
    </ClInclude>
    <ClInclude Include="gameplay\rotation.h">
      <Filter>Source Files\gameplay</Filter>
    </ClInclude>
    <ClInclude Include="scene\scene.h">
      <Filter>Source Files\scene</Filter>
    </ClInclude>
    <ClInclude Include="util\table.h">
      <Filter>Source Files\util\container</Filter>
    </ClInclude>
    <ClInclude Include="util\sort.h">
      <Filter>Source Files\util\container</Filter>
    </ClInclude>
    <ClInclude Include="util\bit_array.h">
      <Filter>Source Files\util\container</Filter>
    </ClInclude>
    <ClInclude Include="util\debug\table_display.h">
      <Filter>Source Files\util\container\debug</Filter>
    </ClInclude>
    <ClInclude Include="gameplay\input.h">
      <Filter>Source Files\gameplay</Filter>
    </ClInclude>
    <ClInclude Include="gameplay\movement\cube_movement.h">
      <Filter>Source Files\gameplay\cube</Filter>
    </ClInclude>
    <ClInclude Include="util\table\join.h">
      <Filter>Source Files\util\container</Filter>
    </ClInclude>
  </ItemGroup>
  <ItemGroup>
    <None Include="shaders\simple.vert">
      <Filter>Shaders</Filter>
    </None>
    <None Include="shaders\simple.frag">
      <Filter>Shaders</Filter>
    </None>
    <None Include="shaders\color.vert">
      <Filter>Shaders</Filter>
    </None>
    <None Include="shaders\color.frag">
      <Filter>Shaders</Filter>
    </None>
    <None Include="shaders\lamp.frag">
      <Filter>Shaders</Filter>
    </None>
    <None Include="shaders\shadows.vert">
      <Filter>Shaders</Filter>
    </None>
    <None Include="shaders\shadows.frag">
      <Filter>Shaders</Filter>
    </None>
    <None Include="shaders\gbuffer.vert">
      <Filter>Shaders</Filter>
    </None>
    <None Include="shaders\gbuffer.frag">
      <Filter>Shaders</Filter>
    </None>
    <None Include="shaders\deferred_lighting.frag">
      <Filter>Shaders</Filter>
    </None>
    <None Include="shaders\deferred_lighting.vert">
      <Filter>Shaders</Filter>
    </None>
    <None Include="shaders\point_light.frag">
      <Filter>Shaders</Filter>
    </None>
    <None Include="shaders\point_light.vert">
      <Filter>Shaders</Filter>
    </None>
    <None Include="shaders\render_quad.frag">
      <Filter>Shaders</Filter>
    </None>
    <None Include="shaders\render_quad.vert">
      <Filter>Shaders</Filter>
    </None>
    <None Include="shaders\directional_light.frag">
      <Filter>Shaders</Filter>
    </None>
    <None Include="shaders\directional_light.vert">
      <Filter>Shaders</Filter>
    </None>
  </ItemGroup>
</Project>